// !$*UTF8*$!
{
	archiveVersion = 1;
	classes = {
	};
	objectVersion = 50;
	objects = {

/* Begin PBXBuildFile section */
		1258D5B022CE51DE0005474A /* AppDelegate.swift in Sources */ = {isa = PBXBuildFile; fileRef = 1258D5AF22CE51DE0005474A /* AppDelegate.swift */; };
		1258D5B222CE51DE0005474A /* ViewController.swift in Sources */ = {isa = PBXBuildFile; fileRef = 1258D5B122CE51DE0005474A /* ViewController.swift */; };
		1258D5B522CE51DE0005474A /* Main.storyboard in Resources */ = {isa = PBXBuildFile; fileRef = 1258D5B322CE51DE0005474A /* Main.storyboard */; };
		1258D5B722CE51E10005474A /* Assets.xcassets in Resources */ = {isa = PBXBuildFile; fileRef = 1258D5B622CE51E10005474A /* Assets.xcassets */; };
		1258D5BA22CE51E10005474A /* LaunchScreen.storyboard in Resources */ = {isa = PBXBuildFile; fileRef = 1258D5B822CE51E10005474A /* LaunchScreen.storyboard */; };
		1258D5C522CE51E10005474A /* StudydriveChallengeTests.swift in Sources */ = {isa = PBXBuildFile; fileRef = 1258D5C422CE51E10005474A /* StudydriveChallengeTests.swift */; };
		1258D5D022CE51E10005474A /* StudydriveChallengeUITests.swift in Sources */ = {isa = PBXBuildFile; fileRef = 1258D5CF22CE51E10005474A /* StudydriveChallengeUITests.swift */; };
/* End PBXBuildFile section */

/* Begin PBXContainerItemProxy section */
		1258D5C122CE51E10005474A /* PBXContainerItemProxy */ = {
			isa = PBXContainerItemProxy;
			containerPortal = 1258D5A422CE51DE0005474A /* Project object */;
			proxyType = 1;
			remoteGlobalIDString = 1258D5AB22CE51DE0005474A;
			remoteInfo = StudydriveChallenge;
		};
		1258D5CC22CE51E10005474A /* PBXContainerItemProxy */ = {
			isa = PBXContainerItemProxy;
			containerPortal = 1258D5A422CE51DE0005474A /* Project object */;
			proxyType = 1;
			remoteGlobalIDString = 1258D5AB22CE51DE0005474A;
			remoteInfo = StudydriveChallenge;
		};
/* End PBXContainerItemProxy section */

/* Begin PBXFileReference section */
		1258D5AC22CE51DE0005474A /* StudydriveChallenge.app */ = {isa = PBXFileReference; explicitFileType = wrapper.application; includeInIndex = 0; path = StudydriveChallenge.app; sourceTree = BUILT_PRODUCTS_DIR; };
		1258D5AF22CE51DE0005474A /* AppDelegate.swift */ = {isa = PBXFileReference; lastKnownFileType = sourcecode.swift; path = AppDelegate.swift; sourceTree = "<group>"; };
		1258D5B122CE51DE0005474A /* ViewController.swift */ = {isa = PBXFileReference; lastKnownFileType = sourcecode.swift; path = ViewController.swift; sourceTree = "<group>"; };
		1258D5B422CE51DE0005474A /* Base */ = {isa = PBXFileReference; lastKnownFileType = file.storyboard; name = Base; path = Base.lproj/Main.storyboard; sourceTree = "<group>"; };
		1258D5B622CE51E10005474A /* Assets.xcassets */ = {isa = PBXFileReference; lastKnownFileType = folder.assetcatalog; path = Assets.xcassets; sourceTree = "<group>"; };
		1258D5B922CE51E10005474A /* Base */ = {isa = PBXFileReference; lastKnownFileType = file.storyboard; name = Base; path = Base.lproj/LaunchScreen.storyboard; sourceTree = "<group>"; };
		1258D5BB22CE51E10005474A /* Info.plist */ = {isa = PBXFileReference; lastKnownFileType = text.plist.xml; path = Info.plist; sourceTree = "<group>"; };
		1258D5C022CE51E10005474A /* StudydriveChallengeTests.xctest */ = {isa = PBXFileReference; explicitFileType = wrapper.cfbundle; includeInIndex = 0; path = StudydriveChallengeTests.xctest; sourceTree = BUILT_PRODUCTS_DIR; };
		1258D5C422CE51E10005474A /* StudydriveChallengeTests.swift */ = {isa = PBXFileReference; lastKnownFileType = sourcecode.swift; path = StudydriveChallengeTests.swift; sourceTree = "<group>"; };
		1258D5C622CE51E10005474A /* Info.plist */ = {isa = PBXFileReference; lastKnownFileType = text.plist.xml; path = Info.plist; sourceTree = "<group>"; };
		1258D5CB22CE51E10005474A /* StudydriveChallengeUITests.xctest */ = {isa = PBXFileReference; explicitFileType = wrapper.cfbundle; includeInIndex = 0; path = StudydriveChallengeUITests.xctest; sourceTree = BUILT_PRODUCTS_DIR; };
		1258D5CF22CE51E10005474A /* StudydriveChallengeUITests.swift */ = {isa = PBXFileReference; lastKnownFileType = sourcecode.swift; path = StudydriveChallengeUITests.swift; sourceTree = "<group>"; };
		1258D5D122CE51E10005474A /* Info.plist */ = {isa = PBXFileReference; lastKnownFileType = text.plist.xml; path = Info.plist; sourceTree = "<group>"; };
/* End PBXFileReference section */

/* Begin PBXFrameworksBuildPhase section */
		1258D5A922CE51DE0005474A /* Frameworks */ = {
			isa = PBXFrameworksBuildPhase;
			buildActionMask = 2147483647;
			files = (
			);
			runOnlyForDeploymentPostprocessing = 0;
		};
		1258D5BD22CE51E10005474A /* Frameworks */ = {
			isa = PBXFrameworksBuildPhase;
			buildActionMask = 2147483647;
			files = (
			);
			runOnlyForDeploymentPostprocessing = 0;
		};
		1258D5C822CE51E10005474A /* Frameworks */ = {
			isa = PBXFrameworksBuildPhase;
			buildActionMask = 2147483647;
			files = (
			);
			runOnlyForDeploymentPostprocessing = 0;
		};
/* End PBXFrameworksBuildPhase section */

/* Begin PBXGroup section */
		1258D5A322CE51DE0005474A = {
			isa = PBXGroup;
			children = (
				1258D5AE22CE51DE0005474A /* StudydriveChallenge */,
				1258D5C322CE51E10005474A /* StudydriveChallengeTests */,
				1258D5CE22CE51E10005474A /* StudydriveChallengeUITests */,
				1258D5AD22CE51DE0005474A /* Products */,
			);
			sourceTree = "<group>";
		};
		1258D5AD22CE51DE0005474A /* Products */ = {
			isa = PBXGroup;
			children = (
				1258D5AC22CE51DE0005474A /* StudydriveChallenge.app */,
				1258D5C022CE51E10005474A /* StudydriveChallengeTests.xctest */,
				1258D5CB22CE51E10005474A /* StudydriveChallengeUITests.xctest */,
			);
			name = Products;
			sourceTree = "<group>";
		};
		1258D5AE22CE51DE0005474A /* StudydriveChallenge */ = {
			isa = PBXGroup;
			children = (
				1258D5AF22CE51DE0005474A /* AppDelegate.swift */,
				1258D5B122CE51DE0005474A /* ViewController.swift */,
				1258D5B322CE51DE0005474A /* Main.storyboard */,
				1258D5B622CE51E10005474A /* Assets.xcassets */,
				1258D5B822CE51E10005474A /* LaunchScreen.storyboard */,
				1258D5BB22CE51E10005474A /* Info.plist */,
			);
			path = StudydriveChallenge;
			sourceTree = "<group>";
		};
		1258D5C322CE51E10005474A /* StudydriveChallengeTests */ = {
			isa = PBXGroup;
			children = (
				1258D5C422CE51E10005474A /* StudydriveChallengeTests.swift */,
				1258D5C622CE51E10005474A /* Info.plist */,
			);
			path = StudydriveChallengeTests;
			sourceTree = "<group>";
		};
		1258D5CE22CE51E10005474A /* StudydriveChallengeUITests */ = {
			isa = PBXGroup;
			children = (
				1258D5CF22CE51E10005474A /* StudydriveChallengeUITests.swift */,
				1258D5D122CE51E10005474A /* Info.plist */,
			);
			path = StudydriveChallengeUITests;
			sourceTree = "<group>";
		};
/* End PBXGroup section */

/* Begin PBXNativeTarget section */
		1258D5AB22CE51DE0005474A /* StudydriveChallenge */ = {
			isa = PBXNativeTarget;
			buildConfigurationList = 1258D5D422CE51E10005474A /* Build configuration list for PBXNativeTarget "StudydriveChallenge" */;
			buildPhases = (
				1258D5A822CE51DE0005474A /* Sources */,
				1258D5A922CE51DE0005474A /* Frameworks */,
				1258D5AA22CE51DE0005474A /* Resources */,
			);
			buildRules = (
			);
			dependencies = (
			);
			name = StudydriveChallenge;
			productName = StudydriveChallenge;
			productReference = 1258D5AC22CE51DE0005474A /* StudydriveChallenge.app */;
			productType = "com.apple.product-type.application";
		};
		1258D5BF22CE51E10005474A /* StudydriveChallengeTests */ = {
			isa = PBXNativeTarget;
			buildConfigurationList = 1258D5D722CE51E10005474A /* Build configuration list for PBXNativeTarget "StudydriveChallengeTests" */;
			buildPhases = (
				1258D5BC22CE51E10005474A /* Sources */,
				1258D5BD22CE51E10005474A /* Frameworks */,
				1258D5BE22CE51E10005474A /* Resources */,
			);
			buildRules = (
			);
			dependencies = (
				1258D5C222CE51E10005474A /* PBXTargetDependency */,
			);
			name = StudydriveChallengeTests;
			productName = StudydriveChallengeTests;
			productReference = 1258D5C022CE51E10005474A /* StudydriveChallengeTests.xctest */;
			productType = "com.apple.product-type.bundle.unit-test";
		};
		1258D5CA22CE51E10005474A /* StudydriveChallengeUITests */ = {
			isa = PBXNativeTarget;
			buildConfigurationList = 1258D5DA22CE51E10005474A /* Build configuration list for PBXNativeTarget "StudydriveChallengeUITests" */;
			buildPhases = (
				1258D5C722CE51E10005474A /* Sources */,
				1258D5C822CE51E10005474A /* Frameworks */,
				1258D5C922CE51E10005474A /* Resources */,
			);
			buildRules = (
			);
			dependencies = (
				1258D5CD22CE51E10005474A /* PBXTargetDependency */,
			);
			name = StudydriveChallengeUITests;
			productName = StudydriveChallengeUITests;
			productReference = 1258D5CB22CE51E10005474A /* StudydriveChallengeUITests.xctest */;
			productType = "com.apple.product-type.bundle.ui-testing";
		};
/* End PBXNativeTarget section */

/* Begin PBXProject section */
		1258D5A422CE51DE0005474A /* Project object */ = {
			isa = PBXProject;
			attributes = {
				LastSwiftUpdateCheck = 1020;
				LastUpgradeCheck = 1020;
				ORGANIZATIONNAME = "Lucas Alves Da Silva";
				TargetAttributes = {
					1258D5AB22CE51DE0005474A = {
						CreatedOnToolsVersion = 10.2.1;
					};
					1258D5BF22CE51E10005474A = {
						CreatedOnToolsVersion = 10.2.1;
						TestTargetID = 1258D5AB22CE51DE0005474A;
					};
					1258D5CA22CE51E10005474A = {
						CreatedOnToolsVersion = 10.2.1;
						TestTargetID = 1258D5AB22CE51DE0005474A;
					};
				};
			};
			buildConfigurationList = 1258D5A722CE51DE0005474A /* Build configuration list for PBXProject "StudydriveChallenge" */;
			compatibilityVersion = "Xcode 9.3";
			developmentRegion = en;
			hasScannedForEncodings = 0;
			knownRegions = (
				en,
				Base,
			);
			mainGroup = 1258D5A322CE51DE0005474A;
			productRefGroup = 1258D5AD22CE51DE0005474A /* Products */;
			projectDirPath = "";
			projectRoot = "";
			targets = (
				1258D5AB22CE51DE0005474A /* StudydriveChallenge */,
				1258D5BF22CE51E10005474A /* StudydriveChallengeTests */,
				1258D5CA22CE51E10005474A /* StudydriveChallengeUITests */,
			);
		};
/* End PBXProject section */

/* Begin PBXResourcesBuildPhase section */
		1258D5AA22CE51DE0005474A /* Resources */ = {
			isa = PBXResourcesBuildPhase;
			buildActionMask = 2147483647;
			files = (
				1258D5BA22CE51E10005474A /* LaunchScreen.storyboard in Resources */,
				1258D5B722CE51E10005474A /* Assets.xcassets in Resources */,
				1258D5B522CE51DE0005474A /* Main.storyboard in Resources */,
			);
			runOnlyForDeploymentPostprocessing = 0;
		};
		1258D5BE22CE51E10005474A /* Resources */ = {
			isa = PBXResourcesBuildPhase;
			buildActionMask = 2147483647;
			files = (
			);
			runOnlyForDeploymentPostprocessing = 0;
		};
		1258D5C922CE51E10005474A /* Resources */ = {
			isa = PBXResourcesBuildPhase;
			buildActionMask = 2147483647;
			files = (
			);
			runOnlyForDeploymentPostprocessing = 0;
		};
/* End PBXResourcesBuildPhase section */

/* Begin PBXSourcesBuildPhase section */
		1258D5A822CE51DE0005474A /* Sources */ = {
			isa = PBXSourcesBuildPhase;
			buildActionMask = 2147483647;
			files = (
				1258D5B222CE51DE0005474A /* ViewController.swift in Sources */,
				1258D5B022CE51DE0005474A /* AppDelegate.swift in Sources */,
			);
			runOnlyForDeploymentPostprocessing = 0;
		};
		1258D5BC22CE51E10005474A /* Sources */ = {
			isa = PBXSourcesBuildPhase;
			buildActionMask = 2147483647;
			files = (
				1258D5C522CE51E10005474A /* StudydriveChallengeTests.swift in Sources */,
			);
			runOnlyForDeploymentPostprocessing = 0;
		};
		1258D5C722CE51E10005474A /* Sources */ = {
			isa = PBXSourcesBuildPhase;
			buildActionMask = 2147483647;
			files = (
				1258D5D022CE51E10005474A /* StudydriveChallengeUITests.swift in Sources */,
			);
			runOnlyForDeploymentPostprocessing = 0;
		};
/* End PBXSourcesBuildPhase section */

/* Begin PBXTargetDependency section */
		1258D5C222CE51E10005474A /* PBXTargetDependency */ = {
			isa = PBXTargetDependency;
			target = 1258D5AB22CE51DE0005474A /* StudydriveChallenge */;
			targetProxy = 1258D5C122CE51E10005474A /* PBXContainerItemProxy */;
		};
		1258D5CD22CE51E10005474A /* PBXTargetDependency */ = {
			isa = PBXTargetDependency;
			target = 1258D5AB22CE51DE0005474A /* StudydriveChallenge */;
			targetProxy = 1258D5CC22CE51E10005474A /* PBXContainerItemProxy */;
		};
/* End PBXTargetDependency section */

/* Begin PBXVariantGroup section */
		1258D5B322CE51DE0005474A /* Main.storyboard */ = {
			isa = PBXVariantGroup;
			children = (
				1258D5B422CE51DE0005474A /* Base */,
			);
			name = Main.storyboard;
			sourceTree = "<group>";
		};
		1258D5B822CE51E10005474A /* LaunchScreen.storyboard */ = {
			isa = PBXVariantGroup;
			children = (
				1258D5B922CE51E10005474A /* Base */,
			);
			name = LaunchScreen.storyboard;
			sourceTree = "<group>";
		};
/* End PBXVariantGroup section */

/* Begin XCBuildConfiguration section */
		1258D5D222CE51E10005474A /* Debug */ = {
			isa = XCBuildConfiguration;
			buildSettings = {
				ALWAYS_SEARCH_USER_PATHS = NO;
				CLANG_ANALYZER_NONNULL = YES;
				CLANG_ANALYZER_NUMBER_OBJECT_CONVERSION = YES_AGGRESSIVE;
				CLANG_CXX_LANGUAGE_STANDARD = "gnu++14";
				CLANG_CXX_LIBRARY = "libc++";
				CLANG_ENABLE_MODULES = YES;
				CLANG_ENABLE_OBJC_ARC = YES;
				CLANG_ENABLE_OBJC_WEAK = YES;
				CLANG_WARN_BLOCK_CAPTURE_AUTORELEASING = YES;
				CLANG_WARN_BOOL_CONVERSION = YES;
				CLANG_WARN_COMMA = YES;
				CLANG_WARN_CONSTANT_CONVERSION = YES;
				CLANG_WARN_DEPRECATED_OBJC_IMPLEMENTATIONS = YES;
				CLANG_WARN_DIRECT_OBJC_ISA_USAGE = YES_ERROR;
				CLANG_WARN_DOCUMENTATION_COMMENTS = YES;
				CLANG_WARN_EMPTY_BODY = YES;
				CLANG_WARN_ENUM_CONVERSION = YES;
				CLANG_WARN_INFINITE_RECURSION = YES;
				CLANG_WARN_INT_CONVERSION = YES;
				CLANG_WARN_NON_LITERAL_NULL_CONVERSION = YES;
				CLANG_WARN_OBJC_IMPLICIT_RETAIN_SELF = YES;
				CLANG_WARN_OBJC_LITERAL_CONVERSION = YES;
				CLANG_WARN_OBJC_ROOT_CLASS = YES_ERROR;
				CLANG_WARN_RANGE_LOOP_ANALYSIS = YES;
				CLANG_WARN_STRICT_PROTOTYPES = YES;
				CLANG_WARN_SUSPICIOUS_MOVE = YES;
				CLANG_WARN_UNGUARDED_AVAILABILITY = YES_AGGRESSIVE;
				CLANG_WARN_UNREACHABLE_CODE = YES;
				CLANG_WARN__DUPLICATE_METHOD_MATCH = YES;
				CODE_SIGN_IDENTITY = "iPhone Developer";
				COPY_PHASE_STRIP = NO;
				DEBUG_INFORMATION_FORMAT = dwarf;
				ENABLE_STRICT_OBJC_MSGSEND = YES;
				ENABLE_TESTABILITY = YES;
				GCC_C_LANGUAGE_STANDARD = gnu11;
				GCC_DYNAMIC_NO_PIC = NO;
				GCC_NO_COMMON_BLOCKS = YES;
				GCC_OPTIMIZATION_LEVEL = 0;
				GCC_PREPROCESSOR_DEFINITIONS = (
					"DEBUG=1",
					"$(inherited)",
				);
				GCC_WARN_64_TO_32_BIT_CONVERSION = YES;
				GCC_WARN_ABOUT_RETURN_TYPE = YES_ERROR;
				GCC_WARN_UNDECLARED_SELECTOR = YES;
				GCC_WARN_UNINITIALIZED_AUTOS = YES_AGGRESSIVE;
				GCC_WARN_UNUSED_FUNCTION = YES;
				GCC_WARN_UNUSED_VARIABLE = YES;
				IPHONEOS_DEPLOYMENT_TARGET = 12.2;
				MTL_ENABLE_DEBUG_INFO = INCLUDE_SOURCE;
				MTL_FAST_MATH = YES;
				ONLY_ACTIVE_ARCH = YES;
				SDKROOT = iphoneos;
				SWIFT_ACTIVE_COMPILATION_CONDITIONS = DEBUG;
				SWIFT_OPTIMIZATION_LEVEL = "-Onone";
			};
			name = Debug;
		};
		1258D5D322CE51E10005474A /* Release */ = {
			isa = XCBuildConfiguration;
			buildSettings = {
				ALWAYS_SEARCH_USER_PATHS = NO;
				CLANG_ANALYZER_NONNULL = YES;
				CLANG_ANALYZER_NUMBER_OBJECT_CONVERSION = YES_AGGRESSIVE;
				CLANG_CXX_LANGUAGE_STANDARD = "gnu++14";
				CLANG_CXX_LIBRARY = "libc++";
				CLANG_ENABLE_MODULES = YES;
				CLANG_ENABLE_OBJC_ARC = YES;
				CLANG_ENABLE_OBJC_WEAK = YES;
				CLANG_WARN_BLOCK_CAPTURE_AUTORELEASING = YES;
				CLANG_WARN_BOOL_CONVERSION = YES;
				CLANG_WARN_COMMA = YES;
				CLANG_WARN_CONSTANT_CONVERSION = YES;
				CLANG_WARN_DEPRECATED_OBJC_IMPLEMENTATIONS = YES;
				CLANG_WARN_DIRECT_OBJC_ISA_USAGE = YES_ERROR;
				CLANG_WARN_DOCUMENTATION_COMMENTS = YES;
				CLANG_WARN_EMPTY_BODY = YES;
				CLANG_WARN_ENUM_CONVERSION = YES;
				CLANG_WARN_INFINITE_RECURSION = YES;
				CLANG_WARN_INT_CONVERSION = YES;
				CLANG_WARN_NON_LITERAL_NULL_CONVERSION = YES;
				CLANG_WARN_OBJC_IMPLICIT_RETAIN_SELF = YES;
				CLANG_WARN_OBJC_LITERAL_CONVERSION = YES;
				CLANG_WARN_OBJC_ROOT_CLASS = YES_ERROR;
				CLANG_WARN_RANGE_LOOP_ANALYSIS = YES;
				CLANG_WARN_STRICT_PROTOTYPES = YES;
				CLANG_WARN_SUSPICIOUS_MOVE = YES;
				CLANG_WARN_UNGUARDED_AVAILABILITY = YES_AGGRESSIVE;
				CLANG_WARN_UNREACHABLE_CODE = YES;
				CLANG_WARN__DUPLICATE_METHOD_MATCH = YES;
				CODE_SIGN_IDENTITY = "iPhone Developer";
				COPY_PHASE_STRIP = NO;
				DEBUG_INFORMATION_FORMAT = "dwarf-with-dsym";
				ENABLE_NS_ASSERTIONS = NO;
				ENABLE_STRICT_OBJC_MSGSEND = YES;
				GCC_C_LANGUAGE_STANDARD = gnu11;
				GCC_NO_COMMON_BLOCKS = YES;
				GCC_WARN_64_TO_32_BIT_CONVERSION = YES;
				GCC_WARN_ABOUT_RETURN_TYPE = YES_ERROR;
				GCC_WARN_UNDECLARED_SELECTOR = YES;
				GCC_WARN_UNINITIALIZED_AUTOS = YES_AGGRESSIVE;
				GCC_WARN_UNUSED_FUNCTION = YES;
				GCC_WARN_UNUSED_VARIABLE = YES;
				IPHONEOS_DEPLOYMENT_TARGET = 12.2;
				MTL_ENABLE_DEBUG_INFO = NO;
				MTL_FAST_MATH = YES;
				SDKROOT = iphoneos;
				SWIFT_COMPILATION_MODE = wholemodule;
				SWIFT_OPTIMIZATION_LEVEL = "-O";
				VALIDATE_PRODUCT = YES;
			};
			name = Release;
		};
		1258D5D522CE51E10005474A /* Debug */ = {
			isa = XCBuildConfiguration;
			buildSettings = {
				ASSETCATALOG_COMPILER_APPICON_NAME = AppIcon;
				CODE_SIGN_STYLE = Automatic;
				DEVELOPMENT_TEAM = BRUBD4845H;
				INFOPLIST_FILE = StudydriveChallenge/Info.plist;
				LD_RUNPATH_SEARCH_PATHS = (
					"$(inherited)",
					"@executable_path/Frameworks",
				);
				PRODUCT_BUNDLE_IDENTIFIER = LucasAlves.StudydriveChallenge;
				PRODUCT_NAME = "$(TARGET_NAME)";
				SWIFT_VERSION = 5.0;
				TARGETED_DEVICE_FAMILY = "1,2";
			};
			name = Debug;
		};
		1258D5D622CE51E10005474A /* Release */ = {
			isa = XCBuildConfiguration;
			buildSettings = {
				ASSETCATALOG_COMPILER_APPICON_NAME = AppIcon;
				CODE_SIGN_STYLE = Automatic;
				DEVELOPMENT_TEAM = BRUBD4845H;
				INFOPLIST_FILE = StudydriveChallenge/Info.plist;
				LD_RUNPATH_SEARCH_PATHS = (
					"$(inherited)",
					"@executable_path/Frameworks",
				);
				PRODUCT_BUNDLE_IDENTIFIER = LucasAlves.StudydriveChallenge;
				PRODUCT_NAME = "$(TARGET_NAME)";
				SWIFT_VERSION = 5.0;
				TARGETED_DEVICE_FAMILY = "1,2";
			};
			name = Release;
		};
		1258D5D822CE51E10005474A /* Debug */ = {
			isa = XCBuildConfiguration;
			buildSettings = {
				ALWAYS_EMBED_SWIFT_STANDARD_LIBRARIES = YES;
				BUNDLE_LOADER = "$(TEST_HOST)";
				CODE_SIGN_STYLE = Automatic;
				DEVELOPMENT_TEAM = BRUBD4845H;
				INFOPLIST_FILE = StudydriveChallengeTests/Info.plist;
				LD_RUNPATH_SEARCH_PATHS = (
					"$(inherited)",
					"@executable_path/Frameworks",
					"@loader_path/Frameworks",
				);
				PRODUCT_BUNDLE_IDENTIFIER = LucasAlves.StudydriveChallengeTests;
				PRODUCT_NAME = "$(TARGET_NAME)";
				SWIFT_VERSION = 5.0;
				TARGETED_DEVICE_FAMILY = "1,2";
				TEST_HOST = "$(BUILT_PRODUCTS_DIR)/StudydriveChallenge.app/StudydriveChallenge";
			};
			name = Debug;
		};
		1258D5D922CE51E10005474A /* Release */ = {
			isa = XCBuildConfiguration;
			buildSettings = {
				ALWAYS_EMBED_SWIFT_STANDARD_LIBRARIES = YES;
				BUNDLE_LOADER = "$(TEST_HOST)";
				CODE_SIGN_STYLE = Automatic;
				DEVELOPMENT_TEAM = BRUBD4845H;
				INFOPLIST_FILE = StudydriveChallengeTests/Info.plist;
				LD_RUNPATH_SEARCH_PATHS = (
					"$(inherited)",
					"@executable_path/Frameworks",
					"@loader_path/Frameworks",
				);
				PRODUCT_BUNDLE_IDENTIFIER = LucasAlves.StudydriveChallengeTests;
				PRODUCT_NAME = "$(TARGET_NAME)";
				SWIFT_VERSION = 5.0;
				TARGETED_DEVICE_FAMILY = "1,2";
				TEST_HOST = "$(BUILT_PRODUCTS_DIR)/StudydriveChallenge.app/StudydriveChallenge";
			};
			name = Release;
		};
		1258D5DB22CE51E10005474A /* Debug */ = {
			isa = XCBuildConfiguration;
			buildSettings = {
				ALWAYS_EMBED_SWIFT_STANDARD_LIBRARIES = YES;
				CODE_SIGN_STYLE = Automatic;
				DEVELOPMENT_TEAM = BRUBD4845H;
				INFOPLIST_FILE = StudydriveChallengeUITests/Info.plist;
				LD_RUNPATH_SEARCH_PATHS = (
					"$(inherited)",
					"@executable_path/Frameworks",
					"@loader_path/Frameworks",
				);
				PRODUCT_BUNDLE_IDENTIFIER = LucasAlves.StudydriveChallengeUITests;
				PRODUCT_NAME = "$(TARGET_NAME)";
				SWIFT_VERSION = 5.0;
				TARGETED_DEVICE_FAMILY = "1,2";
				TEST_TARGET_NAME = StudydriveChallenge;
			};
			name = Debug;
		};
		1258D5DC22CE51E10005474A /* Release */ = {
			isa = XCBuildConfiguration;
			buildSettings = {
				ALWAYS_EMBED_SWIFT_STANDARD_LIBRARIES = YES;
				CODE_SIGN_STYLE = Automatic;
				DEVELOPMENT_TEAM = BRUBD4845H;
				INFOPLIST_FILE = StudydriveChallengeUITests/Info.plist;
				LD_RUNPATH_SEARCH_PATHS = (
					"$(inherited)",
					"@executable_path/Frameworks",
					"@loader_path/Frameworks",
				);
				PRODUCT_BUNDLE_IDENTIFIER = LucasAlves.StudydriveChallengeUITests;
				PRODUCT_NAME = "$(TARGET_NAME)";
				SWIFT_VERSION = 5.0;
				TARGETED_DEVICE_FAMILY = "1,2";
				TEST_TARGET_NAME = StudydriveChallenge;
			};
			name = Release;
		};
/* End XCBuildConfiguration section */

/* Begin XCConfigurationList section */
		1258D5A722CE51DE0005474A /* Build configuration list for PBXProject "StudydriveChallenge" */ = {
			isa = XCConfigurationList;
			buildConfigurations = (
				1258D5D222CE51E10005474A /* Debug */,
				1258D5D322CE51E10005474A /* Release */,
			);
			defaultConfigurationIsVisible = 0;
			defaultConfigurationName = Release;
		};
		1258D5D422CE51E10005474A /* Build configuration list for PBXNativeTarget "StudydriveChallenge" */ = {
			isa = XCConfigurationList;
			buildConfigurations = (
				1258D5D522CE51E10005474A /* Debug */,
				1258D5D622CE51E10005474A /* Release */,
			);
			defaultConfigurationIsVisible = 0;
			defaultConfigurationName = Release;
		};
		1258D5D722CE51E10005474A /* Build configuration list for PBXNativeTarget "StudydriveChallengeTests" */ = {
			isa = XCConfigurationList;
			buildConfigurations = (
				1258D5D822CE51E10005474A /* Debug */,
				1258D5D922CE51E10005474A /* Release */,
			);
			defaultConfigurationIsVisible = 0;
			defaultConfigurationName = Release;
		};
		1258D5DA22CE51E10005474A /* Build configuration list for PBXNativeTarget "StudydriveChallengeUITests" */ = {
			isa = XCConfigurationList;
			buildConfigurations = (
				1258D5DB22CE51E10005474A /* Debug */,
				1258D5DC22CE51E10005474A /* Release */,
			);
			defaultConfigurationIsVisible = 0;
			defaultConfigurationName = Release;
		};
/* End XCConfigurationList section */
	};
	rootObject = 1258D5A422CE51DE0005474A /* Project object */;
}
